
Microsoft Visual Studio Solution File, Format Version 12.00
# Visual Studio Version 16
VisualStudioVersion = 16.0.30711.63
MinimumVisualStudioVersion = 10.0.40219.1
Project("{FAE04EC0-301F-11D3-BF4B-00C04F79EFBC}") = "EventApp.Android", "EventApp\EventApp.Android\EventApp.Android.csproj", "{C8BEFFCE-C5F1-49BF-914A-084F830E89B0}"
EndProject
Project("{FAE04EC0-301F-11D3-BF4B-00C04F79EFBC}") = "EventApp.iOS", "EventApp\EventApp.iOS\EventApp.iOS.csproj", "{43D72D7F-2997-4594-8839-D9CDDE10CE4D}"
EndProject
Project("{FAE04EC0-301F-11D3-BF4B-00C04F79EFBC}") = "EventApp", "EventApp\EventApp\EventApp.csproj", "{C016BC6D-A94E-4770-9D9D-FA7592639439}"
EndProject
Global
	GlobalSection(SolutionConfigurationPlatforms) = preSolution
		Debug|Any CPU = Debug|Any CPU
		Debug|iPhone = Debug|iPhone
		Debug|iPhoneSimulator = Debug|iPhoneSimulator
		Release|Any CPU = Release|Any CPU
		Release|iPhone = Release|iPhone
		Release|iPhoneSimulator = Release|iPhoneSimulator
	EndGlobalSection
	GlobalSection(ProjectConfigurationPlatforms) = postSolution
		{C8BEFFCE-C5F1-49BF-914A-084F830E89B0}.Debug|Any CPU.ActiveCfg = Debug|Any CPU
		{C8BEFFCE-C5F1-49BF-914A-084F830E89B0}.Debug|Any CPU.Build.0 = Debug|Any CPU
		{C8BEFFCE-C5F1-49BF-914A-084F830E89B0}.Debug|Any CPU.Deploy.0 = Debug|Any CPU
		{C8BEFFCE-C5F1-49BF-914A-084F830E89B0}.Debug|iPhone.ActiveCfg = Debug|Any CPU
		{C8BEFFCE-C5F1-49BF-914A-084F830E89B0}.Debug|iPhone.Build.0 = Debug|Any CPU
		{C8BEFFCE-C5F1-49BF-914A-084F830E89B0}.Debug|iPhone.Deploy.0 = Debug|Any CPU
		{C8BEFFCE-C5F1-49BF-914A-084F830E89B0}.Debug|iPhoneSimulator.ActiveCfg = Debug|Any CPU
		{C8BEFFCE-C5F1-49BF-914A-084F830E89B0}.Debug|iPhoneSimulator.Build.0 = Debug|Any CPU
		{C8BEFFCE-C5F1-49BF-914A-084F830E89B0}.Debug|iPhoneSimulator.Deploy.0 = Debug|Any CPU
		{C8BEFFCE-C5F1-49BF-914A-084F830E89B0}.Release|Any CPU.ActiveCfg = Release|Any CPU
		{C8BEFFCE-C5F1-49BF-914A-084F830E89B0}.Release|Any CPU.Build.0 = Release|Any CPU
		{C8BEFFCE-C5F1-49BF-914A-084F830E89B0}.Release|Any CPU.Deploy.0 = Release|Any CPU
		{C8BEFFCE-C5F1-49BF-914A-084F830E89B0}.Release|iPhone.ActiveCfg = Release|Any CPU
		{C8BEFFCE-C5F1-49BF-914A-084F830E89B0}.Release|iPhone.Build.0 = Release|Any CPU
		{C8BEFFCE-C5F1-49BF-914A-084F830E89B0}.Release|iPhone.Deploy.0 = Release|Any CPU
		{C8BEFFCE-C5F1-49BF-914A-084F830E89B0}.Release|iPhoneSimulator.ActiveCfg = Release|Any CPU
		{C8BEFFCE-C5F1-49BF-914A-084F830E89B0}.Release|iPhoneSimulator.Build.0 = Release|Any CPU
		{C8BEFFCE-C5F1-49BF-914A-084F830E89B0}.Release|iPhoneSimulator.Deploy.0 = Release|Any CPU
		{43D72D7F-2997-4594-8839-D9CDDE10CE4D}.Debug|Any CPU.ActiveCfg = Debug|iPhone
		{43D72D7F-2997-4594-8839-D9CDDE10CE4D}.Debug|Any CPU.Build.0 = Debug|iPhone
		{43D72D7F-2997-4594-8839-D9CDDE10CE4D}.Debug|Any CPU.Deploy.0 = Debug|iPhone
		{43D72D7F-2997-4594-8839-D9CDDE10CE4D}.Debug|iPhone.ActiveCfg = Debug|iPhone
		{43D72D7F-2997-4594-8839-D9CDDE10CE4D}.Debug|iPhone.Build.0 = Debug|iPhone
		{43D72D7F-2997-4594-8839-D9CDDE10CE4D}.Debug|iPhone.Deploy.0 = Debug|iPhone
		{43D72D7F-2997-4594-8839-D9CDDE10CE4D}.Debug|iPhoneSimulator.ActiveCfg = Debug|iPhoneSimulator
		{43D72D7F-2997-4594-8839-D9CDDE10CE4D}.Debug|iPhoneSimulator.Build.0 = Debug|iPhoneSimulator
		{43D72D7F-2997-4594-8839-D9CDDE10CE4D}.Debug|iPhoneSimulator.Deploy.0 = Debug|iPhoneSimulator
		{43D72D7F-2997-4594-8839-D9CDDE10CE4D}.Release|Any CPU.ActiveCfg = Release|iPhoneSimulator
		{43D72D7F-2997-4594-8839-D9CDDE10CE4D}.Release|Any CPU.Build.0 = Release|iPhoneSimulator
		{43D72D7F-2997-4594-8839-D9CDDE10CE4D}.Release|Any CPU.Deploy.0 = Release|iPhoneSimulator
		{43D72D7F-2997-4594-8839-D9CDDE10CE4D}.Release|iPhone.ActiveCfg = Release|iPhone
		{43D72D7F-2997-4594-8839-D9CDDE10CE4D}.Release|iPhone.Build.0 = Release|iPhone
		{43D72D7F-2997-4594-8839-D9CDDE10CE4D}.Release|iPhone.Deploy.0 = Release|iPhone
		{43D72D7F-2997-4594-8839-D9CDDE10CE4D}.Release|iPhoneSimulator.ActiveCfg = Release|iPhoneSimulator
		{43D72D7F-2997-4594-8839-D9CDDE10CE4D}.Release|iPhoneSimulator.Build.0 = Release|iPhoneSimulator
		{43D72D7F-2997-4594-8839-D9CDDE10CE4D}.Release|iPhoneSimulator.Deploy.0 = Release|iPhoneSimulator
		{C016BC6D-A94E-4770-9D9D-FA7592639439}.Debug|Any CPU.ActiveCfg = Debug|Any CPU
		{C016BC6D-A94E-4770-9D9D-FA7592639439}.Debug|Any CPU.Build.0 = Debug|Any CPU
		{C016BC6D-A94E-4770-9D9D-FA7592639439}.Debug|Any CPU.Deploy.0 = Debug|Any CPU
		{C016BC6D-A94E-4770-9D9D-FA7592639439}.Debug|iPhone.ActiveCfg = Debug|Any CPU
		{C016BC6D-A94E-4770-9D9D-FA7592639439}.Debug|iPhone.Build.0 = Debug|Any CPU
		{C016BC6D-A94E-4770-9D9D-FA7592639439}.Debug|iPhone.Deploy.0 = Debug|Any CPU
		{C016BC6D-A94E-4770-9D9D-FA7592639439}.Debug|iPhoneSimulator.ActiveCfg = Debug|Any CPU
		{C016BC6D-A94E-4770-9D9D-FA7592639439}.Debug|iPhoneSimulator.Build.0 = Debug|Any CPU
		{C016BC6D-A94E-4770-9D9D-FA7592639439}.Debug|iPhoneSimulator.Deploy.0 = Debug|Any CPU
		{C016BC6D-A94E-4770-9D9D-FA7592639439}.Release|Any CPU.ActiveCfg = Release|Any CPU
		{C016BC6D-A94E-4770-9D9D-FA7592639439}.Release|Any CPU.Build.0 = Release|Any CPU
		{C016BC6D-A94E-4770-9D9D-FA7592639439}.Release|Any CPU.Deploy.0 = Release|Any CPU
		{C016BC6D-A94E-4770-9D9D-FA7592639439}.Release|iPhone.ActiveCfg = Release|Any CPU
		{C016BC6D-A94E-4770-9D9D-FA7592639439}.Release|iPhone.Build.0 = Release|Any CPU
		{C016BC6D-A94E-4770-9D9D-FA7592639439}.Release|iPhone.Deploy.0 = Release|Any CPU
		{C016BC6D-A94E-4770-9D9D-FA7592639439}.Release|iPhoneSimulator.ActiveCfg = Release|Any CPU
		{C016BC6D-A94E-4770-9D9D-FA7592639439}.Release|iPhoneSimulator.Build.0 = Release|Any CPU
		{C016BC6D-A94E-4770-9D9D-FA7592639439}.Release|iPhoneSimulator.Deploy.0 = Release|Any CPU
	EndGlobalSection
	GlobalSection(SolutionProperties) = preSolution
		HideSolutionNode = FALSE
	EndGlobalSection
	GlobalSection(ExtensibilityGlobals) = postSolution
		SolutionGuid = {9FF7F6C2-3946-4392-87CB-9BDDEB1C65AF}
	EndGlobalSection
EndGlobal
